
Microsoft Visual Studio Solution File, Format Version 12.00
# Visual Studio Version 16
VisualStudioVersion = 16.0.31205.134
MinimumVisualStudioVersion = 10.0.40219.1
Project("{8BC9CEB8-8B4A-11D0-8D11-00A0C91BC942}") = "Gry2D_Zadanie1", "Gry2D_Zadanie1\Gry2D_Zadanie1.vcxproj", "{5703C412-04C2-4D5B-8412-3A42882C1392}"
EndProject
Global
	GlobalSection(SolutionConfigurationPlatforms) = preSolution
		Debug|x64 = Debug|x64
		Debug|x86 = Debug|x86
		Release|x64 = Release|x64
		Release|x86 = Release|x86
	EndGlobalSection
	GlobalSection(ProjectConfigurationPlatforms) = postSolution
		{5703C412-04C2-4D5B-8412-3A42882C1392}.Debug|x64.ActiveCfg = Debug|x64
		{5703C412-04C2-4D5B-8412-3A42882C1392}.Debug|x64.Build.0 = Debug|x64
		{5703C412-04C2-4D5B-8412-3A42882C1392}.Debug|x86.ActiveCfg = Debug|Win32
		{5703C412-04C2-4D5B-8412-3A42882C1392}.Debug|x86.Build.0 = Debug|Win32
		{5703C412-04C2-4D5B-8412-3A42882C1392}.Release|x64.ActiveCfg = Release|x64
		{5703C412-04C2-4D5B-8412-3A42882C1392}.Release|x64.Build.0 = Release|x64
		{5703C412-04C2-4D5B-8412-3A42882C1392}.Release|x86.ActiveCfg = Release|Win32
		{5703C412-04C2-4D5B-8412-3A42882C1392}.Release|x86.Build.0 = Release|Win32
	EndGlobalSection
	GlobalSection(SolutionProperties) = preSolution
		HideSolutionNode = FALSE
	EndGlobalSection
	GlobalSection(ExtensibilityGlobals) = postSolution
		SolutionGuid = {4A42C7D0-2E88-4F59-B8AF-A3A5C59B4ACA}
	EndGlobalSection
EndGlobal
